# This file is generated by running "yarn install" inside your project.
# Manual changes might be lost - proceed with caution!

__metadata:
  version: 8
  cacheKey: 10

"@next/env@npm:14.2.1":
  version: 14.2.1
  resolution: "@next/env@npm:14.2.1"
  checksum: 10/b9272d4f75d96cd481a2cd74b07539a6c280585b361b33115ab249ef521ab4fdb289191d19c086cd38f55475a04bf0bd37d60a1f511b8fb0abd115146b570538
  languageName: node
  linkType: hard

"@next/swc-darwin-arm64@npm:14.2.1":
  version: 14.2.1
  resolution: "@next/swc-darwin-arm64@npm:14.2.1"
  conditions: os=darwin & cpu=arm64
  languageName: node
  linkType: hard

"@next/swc-darwin-x64@npm:14.2.1":
  version: 14.2.1
  resolution: "@next/swc-darwin-x64@npm:14.2.1"
  conditions: os=darwin & cpu=x64
  languageName: node
  linkType: hard

"@next/swc-linux-arm64-gnu@npm:14.2.1":
  version: 14.2.1
  resolution: "@next/swc-linux-arm64-gnu@npm:14.2.1"
  conditions: os=linux & cpu=arm64 & libc=glibc
  languageName: node
  linkType: hard

"@next/swc-linux-arm64-musl@npm:14.2.1":
  version: 14.2.1
  resolution: "@next/swc-linux-arm64-musl@npm:14.2.1"
  conditions: os=linux & cpu=arm64 & libc=musl
  languageName: node
  linkType: hard

"@next/swc-linux-x64-gnu@npm:14.2.1":
  version: 14.2.1
  resolution: "@next/swc-linux-x64-gnu@npm:14.2.1"
  conditions: os=linux & cpu=x64 & libc=glibc
  languageName: node
  linkType: hard

"@next/swc-linux-x64-musl@npm:14.2.1":
  version: 14.2.1
  resolution: "@next/swc-linux-x64-musl@npm:14.2.1"
  conditions: os=linux & cpu=x64 & libc=musl
  languageName: node
  linkType: hard

"@next/swc-win32-arm64-msvc@npm:14.2.1":
  version: 14.2.1
  resolution: "@next/swc-win32-arm64-msvc@npm:14.2.1"
  conditions: os=win32 & cpu=arm64
  languageName: node
  linkType: hard

"@next/swc-win32-ia32-msvc@npm:14.2.1":
  version: 14.2.1
  resolution: "@next/swc-win32-ia32-msvc@npm:14.2.1"
  conditions: os=win32 & cpu=ia32
  languageName: node
  linkType: hard

"@next/swc-win32-x64-msvc@npm:14.2.1":
  version: 14.2.1
  resolution: "@next/swc-win32-x64-msvc@npm:14.2.1"
  conditions: os=win32 & cpu=x64
  languageName: node
  linkType: hard

"@swc/counter@npm:^0.1.3":
  version: 0.1.3
  resolution: "@swc/counter@npm:0.1.3"
  checksum: 10/df8f9cfba9904d3d60f511664c70d23bb323b3a0803ec9890f60133954173047ba9bdeabce28cd70ba89ccd3fd6c71c7b0bd58be85f611e1ffbe5d5c18616598
  languageName: node
  linkType: hard

"@swc/helpers@npm:0.5.5":
  version: 0.5.5
  resolution: "@swc/helpers@npm:0.5.5"
  dependencies:
    "@swc/counter": "npm:^0.1.3"
    tslib: "npm:^2.4.0"
  checksum: 10/1c5ef04f642542212df28c669438f3e0f459dcde7b448a5b1fcafb2e9e4f13e76d8428535a270e91ed123dd2a21189dbed34086b88a8cf68baf84984d6d0e39b
  languageName: node
  linkType: hard

"@types/node@npm:^20":
  version: 20.12.7
  resolution: "@types/node@npm:20.12.7"
  dependencies:
    undici-types: "npm:~5.26.4"
  checksum: 10/b4a28a3b593a9bdca5650880b6a9acef46911d58cf7cfa57268f048e9a7157a7c3196421b96cea576850ddb732e3b54bc982c8eb5e1e5ef0635d4424c2fce801
  languageName: node
  linkType: hard

"@types/prop-types@npm:*":
  version: 15.7.12
  resolution: "@types/prop-types@npm:15.7.12"
  checksum: 10/ac16cc3d0a84431ffa5cfdf89579ad1e2269549f32ce0c769321fdd078f84db4fbe1b461ed5a1a496caf09e637c0e367d600c541435716a55b1d9713f5035dfe
  languageName: node
  linkType: hard

"@types/react-dom@npm:^18":
  version: 18.2.25
  resolution: "@types/react-dom@npm:18.2.25"
  dependencies:
    "@types/react": "npm:*"
  checksum: 10/0e45856a2fdbf09e74632b132b3af773c6b18fc2ab0bd04595c9f2bcc0bb04d5e732ac8156d145b712dedab7484a8fe9dce5cf720a5437b5d26099c7060c7ba4
  languageName: node
  linkType: hard

"@types/react@npm:*, @types/react@npm:^18":
  version: 18.2.79
  resolution: "@types/react@npm:18.2.79"
  dependencies:
    "@types/prop-types": "npm:*"
    csstype: "npm:^3.0.2"
  checksum: 10/2ef833e7d0a5c226beddbbe090811582371f6ae5e2f092a3d9f47cc6087c8bce0b96ee33e351de6d1d470f0a0ec5892d971933f841ef31538c1821681fc6569e
  languageName: node
  linkType: hard

"busboy@npm:1.6.0":
  version: 1.6.0
  resolution: "busboy@npm:1.6.0"
  dependencies:
    streamsearch: "npm:^1.1.0"
  checksum: 10/bee10fa10ea58e7e3e7489ffe4bda6eacd540a17de9f9cd21cc37e297b2dd9fe52b2715a5841afaec82900750d810d01d7edb4b2d456427f449b92b417579763
  languageName: node
  linkType: hard

"caniuse-lite@npm:^1.0.30001579":
  version: 1.0.30001610
  resolution: "caniuse-lite@npm:1.0.30001610"
  checksum: 10/64370faefcb95cac8c95d7e4a90bf5ce45c25a59f186a9f84e88664a4a03c337119c15309c5fa3a2a7963fa2a7308c86a3b2335c92375314d684ad6aa46522ba
  languageName: node
  linkType: hard

"client-only@npm:0.0.1":
  version: 0.0.1
  resolution: "client-only@npm:0.0.1"
  checksum: 10/0c16bf660dadb90610553c1d8946a7fdfb81d624adea073b8440b7d795d5b5b08beb3c950c6a2cf16279365a3265158a236876d92bce16423c485c322d7dfaf8
  languageName: node
  linkType: hard

"csstype@npm:^3.0.2":
  version: 3.1.3
  resolution: "csstype@npm:3.1.3"
  checksum: 10/f593cce41ff5ade23f44e77521e3a1bcc2c64107041e1bf6c3c32adc5187d0d60983292fda326154d20b01079e24931aa5b08e4467cc488b60bb1e7f6d478ade
  languageName: node
  linkType: hard

"d3js@workspace:.":
  version: 0.0.0-use.local
  resolution: "d3js@workspace:."
  dependencies:
    "@types/node": "npm:^20"
    "@types/react": "npm:^18"
    "@types/react-dom": "npm:^18"
    next: "npm:14.2.1"
    react: "npm:^18"
    react-dom: "npm:^18"
    typescript: "npm:^5"
  languageName: unknown
  linkType: soft

"graceful-fs@npm:^4.2.11":
  version: 4.2.11
  resolution: "graceful-fs@npm:4.2.11"
  checksum: 10/bf152d0ed1dc159239db1ba1f74fdbc40cb02f626770dcd5815c427ce0688c2635a06ed69af364396da4636d0408fcf7d4afdf7881724c3307e46aff30ca49e2
  languageName: node
  linkType: hard

"js-tokens@npm:^3.0.0 || ^4.0.0":
  version: 4.0.0
  resolution: "js-tokens@npm:4.0.0"
  checksum: 10/af37d0d913fb56aec6dc0074c163cc71cd23c0b8aad5c2350747b6721d37ba118af35abdd8b33c47ec2800de07dedb16a527ca9c530ee004093e04958bd0cbf2
  languageName: node
  linkType: hard

"loose-envify@npm:^1.1.0":
  version: 1.4.0
  resolution: "loose-envify@npm:1.4.0"
  dependencies:
    js-tokens: "npm:^3.0.0 || ^4.0.0"
  bin:
    loose-envify: cli.js
  checksum: 10/6517e24e0cad87ec9888f500c5b5947032cdfe6ef65e1c1936a0c48a524b81e65542c9c3edc91c97d5bddc806ee2a985dbc79be89215d613b1de5db6d1cfe6f4
  languageName: node
  linkType: hard

"nanoid@npm:^3.3.6":
  version: 3.3.7
  resolution: "nanoid@npm:3.3.7"
  bin:
    nanoid: bin/nanoid.cjs
  checksum: 10/ac1eb60f615b272bccb0e2b9cd933720dad30bf9708424f691b8113826bb91aca7e9d14ef5d9415a6ba15c266b37817256f58d8ce980c82b0ba3185352565679
  languageName: node
  linkType: hard

"next@npm:14.2.1":
  version: 14.2.1
  resolution: "next@npm:14.2.1"
  dependencies:
    "@next/env": "npm:14.2.1"
    "@next/swc-darwin-arm64": "npm:14.2.1"
    "@next/swc-darwin-x64": "npm:14.2.1"
    "@next/swc-linux-arm64-gnu": "npm:14.2.1"
    "@next/swc-linux-arm64-musl": "npm:14.2.1"
    "@next/swc-linux-x64-gnu": "npm:14.2.1"
    "@next/swc-linux-x64-musl": "npm:14.2.1"
    "@next/swc-win32-arm64-msvc": "npm:14.2.1"
    "@next/swc-win32-ia32-msvc": "npm:14.2.1"
    "@next/swc-win32-x64-msvc": "npm:14.2.1"
    "@swc/helpers": "npm:0.5.5"
    busboy: "npm:1.6.0"
    caniuse-lite: "npm:^1.0.30001579"
    graceful-fs: "npm:^4.2.11"
    postcss: "npm:8.4.31"
    styled-jsx: "npm:5.1.1"
  peerDependencies:
    "@opentelemetry/api": ^1.1.0
    "@playwright/test": ^1.41.2
    react: ^18.2.0
    react-dom: ^18.2.0
    sass: ^1.3.0
  dependenciesMeta:
    "@next/swc-darwin-arm64":
      optional: true
    "@next/swc-darwin-x64":
      optional: true
    "@next/swc-linux-arm64-gnu":
      optional: true
    "@next/swc-linux-arm64-musl":
      optional: true
    "@next/swc-linux-x64-gnu":
      optional: true
    "@next/swc-linux-x64-musl":
      optional: true
    "@next/swc-win32-arm64-msvc":
      optional: true
    "@next/swc-win32-ia32-msvc":
      optional: true
    "@next/swc-win32-x64-msvc":
      optional: true
  peerDependenciesMeta:
    "@opentelemetry/api":
      optional: true
    "@playwright/test":
      optional: true
    sass:
      optional: true
  bin:
    next: dist/bin/next
  checksum: 10/d9a5e73513af9094328cb32e45283f0b208efedb85617c698af6dd4740a5aacff9e63be3c7951e00aa85ea76f0602e0464eae8ef6586c327cc09fbc0e7134466
  languageName: node
  linkType: hard

"picocolors@npm:^1.0.0":
  version: 1.0.0
  resolution: "picocolors@npm:1.0.0"
  checksum: 10/a2e8092dd86c8396bdba9f2b5481032848525b3dc295ce9b57896f931e63fc16f79805144321f72976383fc249584672a75cc18d6777c6b757603f372f745981
  languageName: node
  linkType: hard

"postcss@npm:8.4.31":
  version: 8.4.31
  resolution: "postcss@npm:8.4.31"
  dependencies:
    nanoid: "npm:^3.3.6"
    picocolors: "npm:^1.0.0"
    source-map-js: "npm:^1.0.2"
  checksum: 10/1a6653e72105907377f9d4f2cd341d8d90e3fde823a5ddea1e2237aaa56933ea07853f0f2758c28892a1d70c53bbaca200eb8b80f8ed55f13093003dbec5afa0
  languageName: node
  linkType: hard

"react-dom@npm:^18":
  version: 18.2.0
  resolution: "react-dom@npm:18.2.0"
  dependencies:
    loose-envify: "npm:^1.1.0"
    scheduler: "npm:^0.23.0"
  peerDependencies:
    react: ^18.2.0
  checksum: 10/ca5e7762ec8c17a472a3605b6f111895c9f87ac7d43a610ab7024f68cd833d08eda0625ce02ec7178cc1f3c957cf0b9273cdc17aa2cd02da87544331c43b1d21
  languageName: node
  linkType: hard

"react@npm:^18":
  version: 18.2.0
  resolution: "react@npm:18.2.0"
  dependencies:
    loose-envify: "npm:^1.1.0"
  checksum: 10/b9214a9bd79e99d08de55f8bef2b7fc8c39630be97c4e29d7be173d14a9a10670b5325e94485f74cd8bff4966ef3c78ee53c79a7b0b9b70cba20aa8973acc694
  languageName: node
  linkType: hard

"scheduler@npm:^0.23.0":
  version: 0.23.0
  resolution: "scheduler@npm:0.23.0"
  dependencies:
    loose-envify: "npm:^1.1.0"
  checksum: 10/0c4557aa37bafca44ff21dc0ea7c92e2dbcb298bc62eae92b29a39b029134f02fb23917d6ebc8b1fa536b4184934314c20d8864d156a9f6357f3398aaf7bfda8
  languageName: node
  linkType: hard

"source-map-js@npm:^1.0.2":
  version: 1.2.0
  resolution: "source-map-js@npm:1.2.0"
  checksum: 10/74f331cfd2d121c50790c8dd6d3c9de6be21926de80583b23b37029b0f37aefc3e019fa91f9a10a5e120c08135297e1ecf312d561459c45908cb1e0e365f49e5
  languageName: node
  linkType: hard

"streamsearch@npm:^1.1.0":
  version: 1.1.0
  resolution: "streamsearch@npm:1.1.0"
  checksum: 10/612c2b2a7dbcc859f74597112f80a42cbe4d448d03da790d5b7b39673c1197dd3789e91cd67210353e58857395d32c1e955a9041c4e6d5bae723436b3ed9ed14
  languageName: node
  linkType: hard

"styled-jsx@npm:5.1.1":
  version: 5.1.1
  resolution: "styled-jsx@npm:5.1.1"
  dependencies:
    client-only: "npm:0.0.1"
  peerDependencies:
    react: ">= 16.8.0 || 17.x.x || ^18.0.0-0"
  peerDependenciesMeta:
    "@babel/core":
      optional: true
    babel-plugin-macros:
      optional: true
  checksum: 10/4f6a5d0010770fdeea1183d919d528fd46c484e23c0535ef3e1dd49488116f639c594f3bd4440e3bc8a8686c9f8d53c5761599870ff039ede11a5c3bfe08a4be
  languageName: node
  linkType: hard

"tslib@npm:^2.4.0":
  version: 2.6.2
  resolution: "tslib@npm:2.6.2"
  checksum: 10/bd26c22d36736513980091a1e356378e8b662ded04204453d353a7f34a4c21ed0afc59b5f90719d4ba756e581a162ecbf93118dc9c6be5acf70aa309188166ca
  languageName: node
  linkType: hard

"typescript@npm:^5":
  version: 5.4.5
  resolution: "typescript@npm:5.4.5"
  bin:
    tsc: bin/tsc
    tsserver: bin/tsserver
  checksum: 10/d04a9e27e6d83861f2126665aa8d84847e8ebabcea9125b9ebc30370b98cb38b5dff2508d74e2326a744938191a83a69aa9fddab41f193ffa43eabfdf3f190a5
  languageName: node
  linkType: hard

"typescript@patch:typescript@npm%3A^5#optional!builtin<compat/typescript>":
  version: 5.4.5
  resolution: "typescript@patch:typescript@npm%3A5.4.5#optional!builtin<compat/typescript>::version=5.4.5&hash=5adc0c"
  bin:
    tsc: bin/tsc
    tsserver: bin/tsserver
  checksum: 10/760f7d92fb383dbf7dee2443bf902f4365db2117f96f875cf809167f6103d55064de973db9f78fe8f31ec08fff52b2c969aee0d310939c0a3798ec75d0bca2e1
  languageName: node
  linkType: hard

"undici-types@npm:~5.26.4":
  version: 5.26.5
  resolution: "undici-types@npm:5.26.5"
  checksum: 10/0097779d94bc0fd26f0418b3a05472410408877279141ded2bd449167be1aed7ea5b76f756562cb3586a07f251b90799bab22d9019ceba49c037c76445f7cddd
  languageName: node
  linkType: hard
